// !$*UTF8*$!
{
	archiveVersion = 1;
	classes = {
	};
	objectVersion = 50;
	objects = {

/* Begin PBXBuildFile section */
		B70591FD218EBCF9000A5535 /* MainNavigationViewController.m in Sources */ = {isa = PBXBuildFile; fileRef = B70591FC218EBCF9000A5535 /* MainNavigationViewController.m */; };
		B7059206218ED37E000A5535 /* SelectLocationViewController.m in Sources */ = {isa = PBXBuildFile; fileRef = B7059205218ED37E000A5535 /* SelectLocationViewController.m */; };
		B72B0BAC218E619600A79C59 /* AppDelegate.m in Sources */ = {isa = PBXBuildFile; fileRef = B72B0BAB218E619600A79C59 /* AppDelegate.m */; };
		B72B0BB2218E619600A79C59 /* Main.storyboard in Resources */ = {isa = PBXBuildFile; fileRef = B72B0BB0218E619600A79C59 /* Main.storyboard */; };
		B72B0BB4218E619700A79C59 /* Assets.xcassets in Resources */ = {isa = PBXBuildFile; fileRef = B72B0BB3218E619700A79C59 /* Assets.xcassets */; };
		B72B0BB7218E619700A79C59 /* LaunchScreen.storyboard in Resources */ = {isa = PBXBuildFile; fileRef = B72B0BB5218E619700A79C59 /* LaunchScreen.storyboard */; };
		B72B0BBA218E619700A79C59 /* main.m in Sources */ = {isa = PBXBuildFile; fileRef = B72B0BB9218E619700A79C59 /* main.m */; };
		B78BEC5D218F7A9F005F8EFC /* CurrentLocationUpdater.m in Sources */ = {isa = PBXBuildFile; fileRef = B78BEC5C218F7A9F005F8EFC /* CurrentLocationUpdater.m */; };
		B78BEC60218F7B2E005F8EFC /* CoreLocation.framework in Frameworks */ = {isa = PBXBuildFile; fileRef = B78BEC5F218F7B2E005F8EFC /* CoreLocation.framework */; };
/* End PBXBuildFile section */

/* Begin PBXFileReference section */
		B70591FB218EBCF9000A5535 /* MainNavigationViewController.h */ = {isa = PBXFileReference; lastKnownFileType = sourcecode.c.h; path = MainNavigationViewController.h; sourceTree = "<group>"; };
		B70591FC218EBCF9000A5535 /* MainNavigationViewController.m */ = {isa = PBXFileReference; lastKnownFileType = sourcecode.c.objc; path = MainNavigationViewController.m; sourceTree = "<group>"; };
		B7059204218ED37E000A5535 /* SelectLocationViewController.h */ = {isa = PBXFileReference; lastKnownFileType = sourcecode.c.h; path = SelectLocationViewController.h; sourceTree = "<group>"; };
		B7059205218ED37E000A5535 /* SelectLocationViewController.m */ = {isa = PBXFileReference; lastKnownFileType = sourcecode.c.objc; path = SelectLocationViewController.m; sourceTree = "<group>"; };
		B72B0BA7218E619600A79C59 /* PDXFoodSpy.app */ = {isa = PBXFileReference; explicitFileType = wrapper.application; includeInIndex = 0; path = PDXFoodSpy.app; sourceTree = BUILT_PRODUCTS_DIR; };
		B72B0BAA218E619600A79C59 /* AppDelegate.h */ = {isa = PBXFileReference; lastKnownFileType = sourcecode.c.h; path = AppDelegate.h; sourceTree = "<group>"; };
		B72B0BAB218E619600A79C59 /* AppDelegate.m */ = {isa = PBXFileReference; lastKnownFileType = sourcecode.c.objc; path = AppDelegate.m; sourceTree = "<group>"; };
		B72B0BB1218E619600A79C59 /* Base */ = {isa = PBXFileReference; lastKnownFileType = file.storyboard; name = Base; path = Base.lproj/Main.storyboard; sourceTree = "<group>"; };
		B72B0BB3218E619700A79C59 /* Assets.xcassets */ = {isa = PBXFileReference; lastKnownFileType = folder.assetcatalog; path = Assets.xcassets; sourceTree = "<group>"; };
		B72B0BB6218E619700A79C59 /* Base */ = {isa = PBXFileReference; lastKnownFileType = file.storyboard; name = Base; path = Base.lproj/LaunchScreen.storyboard; sourceTree = "<group>"; };
		B72B0BB8218E619700A79C59 /* Info.plist */ = {isa = PBXFileReference; lastKnownFileType = text.plist.xml; path = Info.plist; sourceTree = "<group>"; };
		B72B0BB9218E619700A79C59 /* main.m */ = {isa = PBXFileReference; lastKnownFileType = sourcecode.c.objc; path = main.m; sourceTree = "<group>"; };
		B78BEC5B218F7A9F005F8EFC /* CurrentLocationUpdater.h */ = {isa = PBXFileReference; lastKnownFileType = sourcecode.c.h; path = CurrentLocationUpdater.h; sourceTree = "<group>"; };
		B78BEC5C218F7A9F005F8EFC /* CurrentLocationUpdater.m */ = {isa = PBXFileReference; lastKnownFileType = sourcecode.c.objc; path = CurrentLocationUpdater.m; sourceTree = "<group>"; };
		B78BEC5F218F7B2E005F8EFC /* CoreLocation.framework */ = {isa = PBXFileReference; lastKnownFileType = wrapper.framework; name = CoreLocation.framework; path = System/Library/Frameworks/CoreLocation.framework; sourceTree = SDKROOT; };
/* End PBXFileReference section */

/* Begin PBXFrameworksBuildPhase section */
		B72B0BA4218E619500A79C59 /* Frameworks */ = {
			isa = PBXFrameworksBuildPhase;
			buildActionMask = 2147483647;
			files = (
				B78BEC60218F7B2E005F8EFC /* CoreLocation.framework in Frameworks */,
			);
			runOnlyForDeploymentPostprocessing = 0;
		};
/* End PBXFrameworksBuildPhase section */

/* Begin PBXGroup section */
		B72B0B9E218E619500A79C59 = {
			isa = PBXGroup;
			children = (
				B72B0BA9218E619600A79C59 /* PDXFoodSpy */,
				B72B0BA8218E619600A79C59 /* Products */,
				B78BEC5E218F7B2D005F8EFC /* Frameworks */,
			);
			sourceTree = "<group>";
		};
		B72B0BA8218E619600A79C59 /* Products */ = {
			isa = PBXGroup;
			children = (
				B72B0BA7218E619600A79C59 /* PDXFoodSpy.app */,
			);
			name = Products;
			sourceTree = "<group>";
		};
		B72B0BA9218E619600A79C59 /* PDXFoodSpy */ = {
			isa = PBXGroup;
			children = (
				B72B0BAA218E619600A79C59 /* AppDelegate.h */,
				B72B0BAB218E619600A79C59 /* AppDelegate.m */,
				B72B0BB0218E619600A79C59 /* Main.storyboard */,
				B72B0BB3218E619700A79C59 /* Assets.xcassets */,
				B72B0BB5218E619700A79C59 /* LaunchScreen.storyboard */,
				B72B0BB8218E619700A79C59 /* Info.plist */,
				B72B0BB9218E619700A79C59 /* main.m */,
				B70591FB218EBCF9000A5535 /* MainNavigationViewController.h */,
				B70591FC218EBCF9000A5535 /* MainNavigationViewController.m */,
				B7059204218ED37E000A5535 /* SelectLocationViewController.h */,
				B7059205218ED37E000A5535 /* SelectLocationViewController.m */,
				B78BEC5B218F7A9F005F8EFC /* CurrentLocationUpdater.h */,
				B78BEC5C218F7A9F005F8EFC /* CurrentLocationUpdater.m */,
			);
			path = PDXFoodSpy;
			sourceTree = "<group>";
		};
		B78BEC5E218F7B2D005F8EFC /* Frameworks */ = {
			isa = PBXGroup;
			children = (
				B78BEC5F218F7B2E005F8EFC /* CoreLocation.framework */,
			);
			name = Frameworks;
			sourceTree = "<group>";
		};
/* End PBXGroup section */

/* Begin PBXNativeTarget section */
		B72B0BA6218E619500A79C59 /* PDXFoodSpy */ = {
			isa = PBXNativeTarget;
			buildConfigurationList = B72B0BBD218E619700A79C59 /* Build configuration list for PBXNativeTarget "PDXFoodSpy" */;
			buildPhases = (
				B72B0BA3218E619500A79C59 /* Sources */,
				B72B0BA4218E619500A79C59 /* Frameworks */,
				B72B0BA5218E619500A79C59 /* Resources */,
			);
			buildRules = (
			);
			dependencies = (
			);
			name = PDXFoodSpy;
			productName = PDXFoodSpy;
			productReference = B72B0BA7218E619600A79C59 /* PDXFoodSpy.app */;
			productType = "com.apple.product-type.application";
		};
/* End PBXNativeTarget section */

/* Begin PBXProject section */
		B72B0B9F218E619500A79C59 /* Project object */ = {
			isa = PBXProject;
			attributes = {
				LastUpgradeCheck = 1010;
				ORGANIZATIONNAME = "James Childress";
				TargetAttributes = {
					B72B0BA6218E619500A79C59 = {
						CreatedOnToolsVersion = 10.1;
					};
				};
			};
			buildConfigurationList = B72B0BA2218E619500A79C59 /* Build configuration list for PBXProject "PDXFoodSpy" */;
			compatibilityVersion = "Xcode 9.3";
			developmentRegion = en;
			hasScannedForEncodings = 0;
			knownRegions = (
				en,
				Base,
			);
			mainGroup = B72B0B9E218E619500A79C59;
			productRefGroup = B72B0BA8218E619600A79C59 /* Products */;
			projectDirPath = "";
			projectRoot = "";
			targets = (
				B72B0BA6218E619500A79C59 /* PDXFoodSpy */,
			);
		};
/* End PBXProject section */

/* Begin PBXResourcesBuildPhase section */
		B72B0BA5218E619500A79C59 /* Resources */ = {
			isa = PBXResourcesBuildPhase;
			buildActionMask = 2147483647;
			files = (
				B72B0BB7218E619700A79C59 /* LaunchScreen.storyboard in Resources */,
				B72B0BB4218E619700A79C59 /* Assets.xcassets in Resources */,
				B72B0BB2218E619600A79C59 /* Main.storyboard in Resources */,
			);
			runOnlyForDeploymentPostprocessing = 0;
		};
/* End PBXResourcesBuildPhase section */

/* Begin PBXSourcesBuildPhase section */
		B72B0BA3218E619500A79C59 /* Sources */ = {
			isa = PBXSourcesBuildPhase;
			buildActionMask = 2147483647;
			files = (
				B72B0BBA218E619700A79C59 /* main.m in Sources */,
				B7059206218ED37E000A5535 /* SelectLocationViewController.m in Sources */,
				B78BEC5D218F7A9F005F8EFC /* CurrentLocationUpdater.m in Sources */,
				B72B0BAC218E619600A79C59 /* AppDelegate.m in Sources */,
				B70591FD218EBCF9000A5535 /* MainNavigationViewController.m in Sources */,
			);
			runOnlyForDeploymentPostprocessing = 0;
		};
/* End PBXSourcesBuildPhase section */

/* Begin PBXVariantGroup section */
		B72B0BB0218E619600A79C59 /* Main.storyboard */ = {
			isa = PBXVariantGroup;
			children = (
				B72B0BB1218E619600A79C59 /* Base */,
			);
			name = Main.storyboard;
			sourceTree = "<group>";
		};
		B72B0BB5218E619700A79C59 /* LaunchScreen.storyboard */ = {
			isa = PBXVariantGroup;
			children = (
				B72B0BB6218E619700A79C59 /* Base */,
			);
			name = LaunchScreen.storyboard;
			sourceTree = "<group>";
		};
/* End PBXVariantGroup section */

/* Begin XCBuildConfiguration section */
		B72B0BBB218E619700A79C59 /* Debug */ = {
			isa = XCBuildConfiguration;
			buildSettings = {
				ALWAYS_SEARCH_USER_PATHS = NO;
				CLANG_ANALYZER_NONNULL = YES;
				CLANG_ANALYZER_NUMBER_OBJECT_CONVERSION = YES_AGGRESSIVE;
				CLANG_CXX_LANGUAGE_STANDARD = "gnu++14";
				CLANG_CXX_LIBRARY = "libc++";
				CLANG_ENABLE_MODULES = YES;
				CLANG_ENABLE_OBJC_ARC = YES;
				CLANG_ENABLE_OBJC_WEAK = YES;
				CLANG_WARN_BLOCK_CAPTURE_AUTORELEASING = YES;
				CLANG_WARN_BOOL_CONVERSION = YES;
				CLANG_WARN_COMMA = YES;
				CLANG_WARN_CONSTANT_CONVERSION = YES;
				CLANG_WARN_DEPRECATED_OBJC_IMPLEMENTATIONS = YES;
				CLANG_WARN_DIRECT_OBJC_ISA_USAGE = YES_ERROR;
				CLANG_WARN_DOCUMENTATION_COMMENTS = YES;
				CLANG_WARN_EMPTY_BODY = YES;
				CLANG_WARN_ENUM_CONVERSION = YES;
				CLANG_WARN_INFINITE_RECURSION = YES;
				CLANG_WARN_INT_CONVERSION = YES;
				CLANG_WARN_NON_LITERAL_NULL_CONVERSION = YES;
				CLANG_WARN_OBJC_IMPLICIT_RETAIN_SELF = YES;
				CLANG_WARN_OBJC_LITERAL_CONVERSION = YES;
				CLANG_WARN_OBJC_ROOT_CLASS = YES_ERROR;
				CLANG_WARN_RANGE_LOOP_ANALYSIS = YES;
				CLANG_WARN_STRICT_PROTOTYPES = YES;
				CLANG_WARN_SUSPICIOUS_MOVE = YES;
				CLANG_WARN_UNGUARDED_AVAILABILITY = YES_AGGRESSIVE;
				CLANG_WARN_UNREACHABLE_CODE = YES;
				CLANG_WARN__DUPLICATE_METHOD_MATCH = YES;
				CODE_SIGN_IDENTITY = "iPhone Developer";
				COPY_PHASE_STRIP = NO;
				DEBUG_INFORMATION_FORMAT = dwarf;
				ENABLE_STRICT_OBJC_MSGSEND = YES;
				ENABLE_TESTABILITY = YES;
				GCC_C_LANGUAGE_STANDARD = gnu11;
				GCC_DYNAMIC_NO_PIC = NO;
				GCC_NO_COMMON_BLOCKS = YES;
				GCC_OPTIMIZATION_LEVEL = 0;
				GCC_PREPROCESSOR_DEFINITIONS = (
					"DEBUG=1",
					"$(inherited)",
				);
				GCC_WARN_64_TO_32_BIT_CONVERSION = YES;
				GCC_WARN_ABOUT_RETURN_TYPE = YES_ERROR;
				GCC_WARN_UNDECLARED_SELECTOR = YES;
				GCC_WARN_UNINITIALIZED_AUTOS = YES_AGGRESSIVE;
				GCC_WARN_UNUSED_FUNCTION = YES;
				GCC_WARN_UNUSED_VARIABLE = YES;
				IPHONEOS_DEPLOYMENT_TARGET = 12.1;
				MTL_ENABLE_DEBUG_INFO = INCLUDE_SOURCE;
				MTL_FAST_MATH = YES;
				ONLY_ACTIVE_ARCH = YES;
				SDKROOT = iphoneos;
			};
			name = Debug;
		};
		B72B0BBC218E619700A79C59 /* Release */ = {
			isa = XCBuildConfiguration;
			buildSettings = {
				ALWAYS_SEARCH_USER_PATHS = NO;
				CLANG_ANALYZER_NONNULL = YES;
				CLANG_ANALYZER_NUMBER_OBJECT_CONVERSION = YES_AGGRESSIVE;
				CLANG_CXX_LANGUAGE_STANDARD = "gnu++14";
				CLANG_CXX_LIBRARY = "libc++";
				CLANG_ENABLE_MODULES = YES;
				CLANG_ENABLE_OBJC_ARC = YES;
				CLANG_ENABLE_OBJC_WEAK = YES;
				CLANG_WARN_BLOCK_CAPTURE_AUTORELEASING = YES;
				CLANG_WARN_BOOL_CONVERSION = YES;
				CLANG_WARN_COMMA = YES;
				CLANG_WARN_CONSTANT_CONVERSION = YES;
				CLANG_WARN_DEPRECATED_OBJC_IMPLEMENTATIONS = YES;
				CLANG_WARN_DIRECT_OBJC_ISA_USAGE = YES_ERROR;
				CLANG_WARN_DOCUMENTATION_COMMENTS = YES;
				CLANG_WARN_EMPTY_BODY = YES;
				CLANG_WARN_ENUM_CONVERSION = YES;
				CLANG_WARN_INFINITE_RECURSION = YES;
				CLANG_WARN_INT_CONVERSION = YES;
				CLANG_WARN_NON_LITERAL_NULL_CONVERSION = YES;
				CLANG_WARN_OBJC_IMPLICIT_RETAIN_SELF = YES;
				CLANG_WARN_OBJC_LITERAL_CONVERSION = YES;
				CLANG_WARN_OBJC_ROOT_CLASS = YES_ERROR;
				CLANG_WARN_RANGE_LOOP_ANALYSIS = YES;
				CLANG_WARN_STRICT_PROTOTYPES = YES;
				CLANG_WARN_SUSPICIOUS_MOVE = YES;
				CLANG_WARN_UNGUARDED_AVAILABILITY = YES_AGGRESSIVE;
				CLANG_WARN_UNREACHABLE_CODE = YES;
				CLANG_WARN__DUPLICATE_METHOD_MATCH = YES;
				CODE_SIGN_IDENTITY = "iPhone Developer";
				COPY_PHASE_STRIP = NO;
				DEBUG_INFORMATION_FORMAT = "dwarf-with-dsym";
				ENABLE_NS_ASSERTIONS = NO;
				ENABLE_STRICT_OBJC_MSGSEND = YES;
				GCC_C_LANGUAGE_STANDARD = gnu11;
				GCC_NO_COMMON_BLOCKS = YES;
				GCC_WARN_64_TO_32_BIT_CONVERSION = YES;
				GCC_WARN_ABOUT_RETURN_TYPE = YES_ERROR;
				GCC_WARN_UNDECLARED_SELECTOR = YES;
				GCC_WARN_UNINITIALIZED_AUTOS = YES_AGGRESSIVE;
				GCC_WARN_UNUSED_FUNCTION = YES;
				GCC_WARN_UNUSED_VARIABLE = YES;
				IPHONEOS_DEPLOYMENT_TARGET = 12.1;
				MTL_ENABLE_DEBUG_INFO = NO;
				MTL_FAST_MATH = YES;
				SDKROOT = iphoneos;
				VALIDATE_PRODUCT = YES;
			};
			name = Release;
		};
		B72B0BBE218E619700A79C59 /* Debug */ = {
			isa = XCBuildConfiguration;
			buildSettings = {
				ASSETCATALOG_COMPILER_APPICON_NAME = AppIcon;
				CODE_SIGN_STYLE = Automatic;
				INFOPLIST_FILE = PDXFoodSpy/Info.plist;
				LD_RUNPATH_SEARCH_PATHS = (
					"$(inherited)",
					"@executable_path/Frameworks",
				);
				PRODUCT_BUNDLE_IDENTIFIER = toadslick.PDXFoodSpy;
				PRODUCT_NAME = "$(TARGET_NAME)";
				TARGETED_DEVICE_FAMILY = "1,2";
			};
			name = Debug;
		};
		B72B0BBF218E619700A79C59 /* Release */ = {
			isa = XCBuildConfiguration;
			buildSettings = {
				ASSETCATALOG_COMPILER_APPICON_NAME = AppIcon;
				CODE_SIGN_STYLE = Automatic;
				INFOPLIST_FILE = PDXFoodSpy/Info.plist;
				LD_RUNPATH_SEARCH_PATHS = (
					"$(inherited)",
					"@executable_path/Frameworks",
				);
				PRODUCT_BUNDLE_IDENTIFIER = toadslick.PDXFoodSpy;
				PRODUCT_NAME = "$(TARGET_NAME)";
				TARGETED_DEVICE_FAMILY = "1,2";
			};
			name = Release;
		};
/* End XCBuildConfiguration section */

/* Begin XCConfigurationList section */
		B72B0BA2218E619500A79C59 /* Build configuration list for PBXProject "PDXFoodSpy" */ = {
			isa = XCConfigurationList;
			buildConfigurations = (
				B72B0BBB218E619700A79C59 /* Debug */,
				B72B0BBC218E619700A79C59 /* Release */,
			);
			defaultConfigurationIsVisible = 0;
			defaultConfigurationName = Release;
		};
		B72B0BBD218E619700A79C59 /* Build configuration list for PBXNativeTarget "PDXFoodSpy" */ = {
			isa = XCConfigurationList;
			buildConfigurations = (
				B72B0BBE218E619700A79C59 /* Debug */,
				B72B0BBF218E619700A79C59 /* Release */,
			);
			defaultConfigurationIsVisible = 0;
			defaultConfigurationName = Release;
		};
/* End XCConfigurationList section */
	};
	rootObject = B72B0B9F218E619500A79C59 /* Project object */;
}
