// !$*UTF8*$!
{
	archiveVersion = 1;
	classes = {
	};
	objectVersion = 50;
	objects = {

/* Begin PBXBuildFile section */
		B70591FD218EBCF9000A5535 /* MainNavigationViewController.m in Sources */ = {isa = PBXBuildFile; fileRef = B70591FC218EBCF9000A5535 /* MainNavigationViewController.m */; };
		B7059206218ED37E000A5535 /* SelectLocationViewController.m in Sources */ = {isa = PBXBuildFile; fileRef = B7059205218ED37E000A5535 /* SelectLocationViewController.m */; };
		B72B0BAC218E619600A79C59 /* AppDelegate.m in Sources */ = {isa = PBXBuildFile; fileRef = B72B0BAB218E619600A79C59 /* AppDelegate.m */; };
		B72B0BB2218E619600A79C59 /* Main.storyboard in Resources */ = {isa = PBXBuildFile; fileRef = B72B0BB0218E619600A79C59 /* Main.storyboard */; };
		B72B0BB4218E619700A79C59 /* Assets.xcassets in Resources */ = {isa = PBXBuildFile; fileRef = B72B0BB3218E619700A79C59 /* Assets.xcassets */; };
		B72B0BB7218E619700A79C59 /* LaunchScreen.storyboard in Resources */ = {isa = PBXBuildFile; fileRef = B72B0BB5218E619700A79C59 /* LaunchScreen.storyboard */; };
		B72B0BBA218E619700A79C59 /* main.m in Sources */ = {isa = PBXBuildFile; fileRef = B72B0BB9218E619700A79C59 /* main.m */; };
		B7384C0F2198955600A278DD /* SearchResultsTabBarController.m in Sources */ = {isa = PBXBuildFile; fileRef = B7384C0E2198955600A278DD /* SearchResultsTabBarController.m */; };
		B7384C122198958F00A278DD /* SearchResultsTableViewController.m in Sources */ = {isa = PBXBuildFile; fileRef = B7384C112198958F00A278DD /* SearchResultsTableViewController.m */; };
		B7384C15219895E000A278DD /* SearchResultsMapViewController.m in Sources */ = {isa = PBXBuildFile; fileRef = B7384C14219895E000A278DD /* SearchResultsMapViewController.m */; };
		B7384C172198987400A278DD /* MapKit.framework in Frameworks */ = {isa = PBXBuildFile; fileRef = B7384C162198987400A278DD /* MapKit.framework */; };
		B777E47221A43B0700EF79F3 /* InspectionHistoryTableViewController.m in Sources */ = {isa = PBXBuildFile; fileRef = B777E47121A43B0700EF79F3 /* InspectionHistoryTableViewController.m */; };
		B777E47521A43B7B00EF79F3 /* InspectionHistoryTableViewCell.m in Sources */ = {isa = PBXBuildFile; fileRef = B777E47421A43B7B00EF79F3 /* InspectionHistoryTableViewCell.m */; };
		B78BEC5D218F7A9F005F8EFC /* CurrentLocationUpdater.m in Sources */ = {isa = PBXBuildFile; fileRef = B78BEC5C218F7A9F005F8EFC /* CurrentLocationUpdater.m */; };
		B78BEC60218F7B2E005F8EFC /* CoreLocation.framework in Frameworks */ = {isa = PBXBuildFile; fileRef = B78BEC5F218F7B2E005F8EFC /* CoreLocation.framework */; };
		B7A01D7D21A4144200FEE944 /* RestaurantHistoryRequest.m in Sources */ = {isa = PBXBuildFile; fileRef = B7A01D7C21A4144200FEE944 /* RestaurantHistoryRequest.m */; };
		B7D2BF4A21991D140040C529 /* SearchResultTableViewCell.m in Sources */ = {isa = PBXBuildFile; fileRef = B7D2BF4921991D140040C529 /* SearchResultTableViewCell.m */; };
		B7D45DD021A3C0B6002BCD7A /* InspectionDetailRequest.m in Sources */ = {isa = PBXBuildFile; fileRef = B7D45DCE21A3C0B6002BCD7A /* InspectionDetailRequest.m */; };
		B7EE5304219086B5001BF3DD /* AddressGeocoder.m in Sources */ = {isa = PBXBuildFile; fileRef = B7EE5303219086B5001BF3DD /* AddressGeocoder.m */; };
		D32152A82190BC740043C5FF /* JSONFetcher.m in Sources */ = {isa = PBXBuildFile; fileRef = D32152A72190BC740043C5FF /* JSONFetcher.m */; };
		D349155421A3142300662214 /* InspectionViolation.m in Sources */ = {isa = PBXBuildFile; fileRef = D349155321A3142300662214 /* InspectionViolation.m */; };
		D38CF70D219394320071D9F5 /* SearchResult.m in Sources */ = {isa = PBXBuildFile; fileRef = D38CF70C219394320071D9F5 /* SearchResult.m */; };
		D3F0A3852191EA4F00DD4E39 /* SearchCoordinateRequest.m in Sources */ = {isa = PBXBuildFile; fileRef = D3F0A3842191EA4F00DD4E39 /* SearchCoordinateRequest.m */; };
/* End PBXBuildFile section */

/* Begin PBXFileReference section */
		B70591FB218EBCF9000A5535 /* MainNavigationViewController.h */ = {isa = PBXFileReference; lastKnownFileType = sourcecode.c.h; path = MainNavigationViewController.h; sourceTree = "<group>"; };
		B70591FC218EBCF9000A5535 /* MainNavigationViewController.m */ = {isa = PBXFileReference; lastKnownFileType = sourcecode.c.objc; path = MainNavigationViewController.m; sourceTree = "<group>"; };
		B7059204218ED37E000A5535 /* SelectLocationViewController.h */ = {isa = PBXFileReference; lastKnownFileType = sourcecode.c.h; path = SelectLocationViewController.h; sourceTree = "<group>"; };
		B7059205218ED37E000A5535 /* SelectLocationViewController.m */ = {isa = PBXFileReference; lastKnownFileType = sourcecode.c.objc; path = SelectLocationViewController.m; sourceTree = "<group>"; };
		B72B0BA7218E619600A79C59 /* PDXFoodSpy.app */ = {isa = PBXFileReference; explicitFileType = wrapper.application; includeInIndex = 0; path = PDXFoodSpy.app; sourceTree = BUILT_PRODUCTS_DIR; };
		B72B0BAA218E619600A79C59 /* AppDelegate.h */ = {isa = PBXFileReference; lastKnownFileType = sourcecode.c.h; path = AppDelegate.h; sourceTree = "<group>"; };
		B72B0BAB218E619600A79C59 /* AppDelegate.m */ = {isa = PBXFileReference; lastKnownFileType = sourcecode.c.objc; path = AppDelegate.m; sourceTree = "<group>"; };
		B72B0BB1218E619600A79C59 /* Base */ = {isa = PBXFileReference; lastKnownFileType = file.storyboard; name = Base; path = Base.lproj/Main.storyboard; sourceTree = "<group>"; };
		B72B0BB3218E619700A79C59 /* Assets.xcassets */ = {isa = PBXFileReference; lastKnownFileType = folder.assetcatalog; path = Assets.xcassets; sourceTree = "<group>"; };
		B72B0BB6218E619700A79C59 /* Base */ = {isa = PBXFileReference; lastKnownFileType = file.storyboard; name = Base; path = Base.lproj/LaunchScreen.storyboard; sourceTree = "<group>"; };
		B72B0BB8218E619700A79C59 /* Info.plist */ = {isa = PBXFileReference; lastKnownFileType = text.plist.xml; path = Info.plist; sourceTree = "<group>"; };
		B72B0BB9218E619700A79C59 /* main.m */ = {isa = PBXFileReference; lastKnownFileType = sourcecode.c.objc; path = main.m; sourceTree = "<group>"; };
		B7384C0D2198955600A278DD /* SearchResultsTabBarController.h */ = {isa = PBXFileReference; lastKnownFileType = sourcecode.c.h; path = SearchResultsTabBarController.h; sourceTree = "<group>"; };
		B7384C0E2198955600A278DD /* SearchResultsTabBarController.m */ = {isa = PBXFileReference; lastKnownFileType = sourcecode.c.objc; path = SearchResultsTabBarController.m; sourceTree = "<group>"; };
		B7384C102198958F00A278DD /* SearchResultsTableViewController.h */ = {isa = PBXFileReference; lastKnownFileType = sourcecode.c.h; path = SearchResultsTableViewController.h; sourceTree = "<group>"; };
		B7384C112198958F00A278DD /* SearchResultsTableViewController.m */ = {isa = PBXFileReference; lastKnownFileType = sourcecode.c.objc; path = SearchResultsTableViewController.m; sourceTree = "<group>"; };
		B7384C13219895E000A278DD /* SearchResultsMapViewController.h */ = {isa = PBXFileReference; lastKnownFileType = sourcecode.c.h; path = SearchResultsMapViewController.h; sourceTree = "<group>"; };
		B7384C14219895E000A278DD /* SearchResultsMapViewController.m */ = {isa = PBXFileReference; lastKnownFileType = sourcecode.c.objc; path = SearchResultsMapViewController.m; sourceTree = "<group>"; };
		B7384C162198987400A278DD /* MapKit.framework */ = {isa = PBXFileReference; lastKnownFileType = wrapper.framework; name = MapKit.framework; path = System/Library/Frameworks/MapKit.framework; sourceTree = SDKROOT; };
		B777E47021A43B0700EF79F3 /* InspectionHistoryTableViewController.h */ = {isa = PBXFileReference; lastKnownFileType = sourcecode.c.h; path = InspectionHistoryTableViewController.h; sourceTree = "<group>"; };
		B777E47121A43B0700EF79F3 /* InspectionHistoryTableViewController.m */ = {isa = PBXFileReference; lastKnownFileType = sourcecode.c.objc; path = InspectionHistoryTableViewController.m; sourceTree = "<group>"; };
		B777E47321A43B7B00EF79F3 /* InspectionHistoryTableViewCell.h */ = {isa = PBXFileReference; lastKnownFileType = sourcecode.c.h; path = InspectionHistoryTableViewCell.h; sourceTree = "<group>"; };
		B777E47421A43B7B00EF79F3 /* InspectionHistoryTableViewCell.m */ = {isa = PBXFileReference; lastKnownFileType = sourcecode.c.objc; path = InspectionHistoryTableViewCell.m; sourceTree = "<group>"; };
		B78BEC5B218F7A9F005F8EFC /* CurrentLocationUpdater.h */ = {isa = PBXFileReference; lastKnownFileType = sourcecode.c.h; path = CurrentLocationUpdater.h; sourceTree = "<group>"; };
		B78BEC5C218F7A9F005F8EFC /* CurrentLocationUpdater.m */ = {isa = PBXFileReference; lastKnownFileType = sourcecode.c.objc; path = CurrentLocationUpdater.m; sourceTree = "<group>"; };
		B78BEC5F218F7B2E005F8EFC /* CoreLocation.framework */ = {isa = PBXFileReference; lastKnownFileType = wrapper.framework; name = CoreLocation.framework; path = System/Library/Frameworks/CoreLocation.framework; sourceTree = SDKROOT; };
		B78BEC61218F8046005F8EFC /* CurrentLocationUpdaterDelegate.h */ = {isa = PBXFileReference; lastKnownFileType = sourcecode.c.h; path = CurrentLocationUpdaterDelegate.h; sourceTree = "<group>"; };
		B7A01D7B21A4144200FEE944 /* RestaurantHistoryRequest.h */ = {isa = PBXFileReference; lastKnownFileType = sourcecode.c.h; path = RestaurantHistoryRequest.h; sourceTree = "<group>"; };
		B7A01D7C21A4144200FEE944 /* RestaurantHistoryRequest.m */ = {isa = PBXFileReference; lastKnownFileType = sourcecode.c.objc; path = RestaurantHistoryRequest.m; sourceTree = "<group>"; };
		B7D2BF4821991D140040C529 /* SearchResultTableViewCell.h */ = {isa = PBXFileReference; lastKnownFileType = sourcecode.c.h; path = SearchResultTableViewCell.h; sourceTree = "<group>"; };
		B7D2BF4921991D140040C529 /* SearchResultTableViewCell.m */ = {isa = PBXFileReference; lastKnownFileType = sourcecode.c.objc; path = SearchResultTableViewCell.m; sourceTree = "<group>"; };
		B7D45DCE21A3C0B6002BCD7A /* InspectionDetailRequest.m */ = {isa = PBXFileReference; fileEncoding = 4; lastKnownFileType = sourcecode.c.objc; path = InspectionDetailRequest.m; sourceTree = "<group>"; };
		B7D45DCF21A3C0B6002BCD7A /* InspectionDetailRequest.h */ = {isa = PBXFileReference; fileEncoding = 4; lastKnownFileType = sourcecode.c.h; path = InspectionDetailRequest.h; sourceTree = "<group>"; };
		B7EE5302219086B5001BF3DD /* AddressGeocoder.h */ = {isa = PBXFileReference; lastKnownFileType = sourcecode.c.h; path = AddressGeocoder.h; sourceTree = "<group>"; };
		B7EE5303219086B5001BF3DD /* AddressGeocoder.m */ = {isa = PBXFileReference; lastKnownFileType = sourcecode.c.objc; path = AddressGeocoder.m; sourceTree = "<group>"; };
		B7EE5305219087AB001BF3DD /* AddressGeocoderDelegate.h */ = {isa = PBXFileReference; lastKnownFileType = sourcecode.c.h; path = AddressGeocoderDelegate.h; sourceTree = "<group>"; };
		D32152A62190BC740043C5FF /* JSONFetcher.h */ = {isa = PBXFileReference; lastKnownFileType = sourcecode.c.h; path = JSONFetcher.h; sourceTree = "<group>"; };
		D32152A72190BC740043C5FF /* JSONFetcher.m */ = {isa = PBXFileReference; lastKnownFileType = sourcecode.c.objc; path = JSONFetcher.m; sourceTree = "<group>"; };
		D32152A92190C4B90043C5FF /* JSONFetcherDelegate.h */ = {isa = PBXFileReference; lastKnownFileType = sourcecode.c.h; path = JSONFetcherDelegate.h; sourceTree = "<group>"; };
		D349155221A3142300662214 /* InspectionViolation.h */ = {isa = PBXFileReference; lastKnownFileType = sourcecode.c.h; path = InspectionViolation.h; sourceTree = "<group>"; };
		D349155321A3142300662214 /* InspectionViolation.m */ = {isa = PBXFileReference; lastKnownFileType = sourcecode.c.objc; path = InspectionViolation.m; sourceTree = "<group>"; };
		D38CF70B219394320071D9F5 /* SearchResult.h */ = {isa = PBXFileReference; lastKnownFileType = sourcecode.c.h; path = SearchResult.h; sourceTree = "<group>"; };
		D38CF70C219394320071D9F5 /* SearchResult.m */ = {isa = PBXFileReference; lastKnownFileType = sourcecode.c.objc; path = SearchResult.m; sourceTree = "<group>"; };
		D3CDB0EA2195F6670048F0C7 /* RequestDelegate.h */ = {isa = PBXFileReference; lastKnownFileType = sourcecode.c.h; path = RequestDelegate.h; sourceTree = "<group>"; };
		D3F0A3832191EA4F00DD4E39 /* SearchCoordinateRequest.h */ = {isa = PBXFileReference; lastKnownFileType = sourcecode.c.h; path = SearchCoordinateRequest.h; sourceTree = "<group>"; };
		D3F0A3842191EA4F00DD4E39 /* SearchCoordinateRequest.m */ = {isa = PBXFileReference; lastKnownFileType = sourcecode.c.objc; path = SearchCoordinateRequest.m; sourceTree = "<group>"; };
/* End PBXFileReference section */

/* Begin PBXFrameworksBuildPhase section */
		B72B0BA4218E619500A79C59 /* Frameworks */ = {
			isa = PBXFrameworksBuildPhase;
			buildActionMask = 2147483647;
			files = (
				B7384C172198987400A278DD /* MapKit.framework in Frameworks */,
				B78BEC60218F7B2E005F8EFC /* CoreLocation.framework in Frameworks */,
			);
			runOnlyForDeploymentPostprocessing = 0;
		};
/* End PBXFrameworksBuildPhase section */

/* Begin PBXGroup section */
		B72B0B9E218E619500A79C59 = {
			isa = PBXGroup;
			children = (
				B72B0BA9218E619600A79C59 /* PDXFoodSpy */,
				B72B0BA8218E619600A79C59 /* Products */,
				B78BEC5E218F7B2D005F8EFC /* Frameworks */,
			);
			sourceTree = "<group>";
		};
		B72B0BA8218E619600A79C59 /* Products */ = {
			isa = PBXGroup;
			children = (
				B72B0BA7218E619600A79C59 /* PDXFoodSpy.app */,
			);
			name = Products;
			sourceTree = "<group>";
		};
		B72B0BA9218E619600A79C59 /* PDXFoodSpy */ = {
			isa = PBXGroup;
			children = (
				D349154E21A3117200662214 /* Models */,
				D3F0A3822191E85D00DD4E39 /* PDX Restaurant Inspections API */,
				D32152A52190BB9F0043C5FF /* API Utilities */,
				B7EE52FD21908561001BF3DD /* Location Utilities */,
				B7EE52FE219085A1001BF3DD /* UI */,
				B72B0BAA218E619600A79C59 /* AppDelegate.h */,
				B72B0BAB218E619600A79C59 /* AppDelegate.m */,
				B72B0BB0218E619600A79C59 /* Main.storyboard */,
				B72B0BB3218E619700A79C59 /* Assets.xcassets */,
				B72B0BB5218E619700A79C59 /* LaunchScreen.storyboard */,
				B72B0BB8218E619700A79C59 /* Info.plist */,
				B72B0BB9218E619700A79C59 /* main.m */,
			);
			path = PDXFoodSpy;
			sourceTree = "<group>";
		};
		B78BEC5E218F7B2D005F8EFC /* Frameworks */ = {
			isa = PBXGroup;
			children = (
				B7384C162198987400A278DD /* MapKit.framework */,
				B78BEC5F218F7B2E005F8EFC /* CoreLocation.framework */,
			);
			name = Frameworks;
			sourceTree = "<group>";
		};
		B7EE52FD21908561001BF3DD /* Location Utilities */ = {
			isa = PBXGroup;
			children = (
				B78BEC5B218F7A9F005F8EFC /* CurrentLocationUpdater.h */,
				B78BEC5C218F7A9F005F8EFC /* CurrentLocationUpdater.m */,
				B78BEC61218F8046005F8EFC /* CurrentLocationUpdaterDelegate.h */,
				B7EE5302219086B5001BF3DD /* AddressGeocoder.h */,
				B7EE5303219086B5001BF3DD /* AddressGeocoder.m */,
				B7EE5305219087AB001BF3DD /* AddressGeocoderDelegate.h */,
			);
			path = "Location Utilities";
			sourceTree = "<group>";
		};
		B7EE52FE219085A1001BF3DD /* UI */ = {
			isa = PBXGroup;
			children = (
				B7384C13219895E000A278DD /* SearchResultsMapViewController.h */,
				B7384C14219895E000A278DD /* SearchResultsMapViewController.m */,
				B7384C102198958F00A278DD /* SearchResultsTableViewController.h */,
				B7384C112198958F00A278DD /* SearchResultsTableViewController.m */,
				B7D2BF4821991D140040C529 /* SearchResultTableViewCell.h */,
				B7D2BF4921991D140040C529 /* SearchResultTableViewCell.m */,
				B70591FB218EBCF9000A5535 /* MainNavigationViewController.h */,
				B70591FC218EBCF9000A5535 /* MainNavigationViewController.m */,
				B7059204218ED37E000A5535 /* SelectLocationViewController.h */,
				B7059205218ED37E000A5535 /* SelectLocationViewController.m */,
				B7384C0D2198955600A278DD /* SearchResultsTabBarController.h */,
				B7384C0E2198955600A278DD /* SearchResultsTabBarController.m */,
				B777E47021A43B0700EF79F3 /* InspectionHistoryTableViewController.h */,
				B777E47121A43B0700EF79F3 /* InspectionHistoryTableViewController.m */,
				B777E47321A43B7B00EF79F3 /* InspectionHistoryTableViewCell.h */,
				B777E47421A43B7B00EF79F3 /* InspectionHistoryTableViewCell.m */,
			);
			path = UI;
			sourceTree = "<group>";
		};
		D32152A52190BB9F0043C5FF /* API Utilities */ = {
			isa = PBXGroup;
			children = (
				D32152A62190BC740043C5FF /* JSONFetcher.h */,
				D32152A72190BC740043C5FF /* JSONFetcher.m */,
				D32152A92190C4B90043C5FF /* JSONFetcherDelegate.h */,
			);
			path = "API Utilities";
			sourceTree = "<group>";
		};
		D349154E21A3117200662214 /* Models */ = {
			isa = PBXGroup;
			children = (
				D38CF70B219394320071D9F5 /* SearchResult.h */,
				D38CF70C219394320071D9F5 /* SearchResult.m */,
				D349155221A3142300662214 /* InspectionViolation.h */,
				D349155321A3142300662214 /* InspectionViolation.m */,
			);
			path = Models;
			sourceTree = "<group>";
		};
		D3F0A3822191E85D00DD4E39 /* PDX Restaurant Inspections API */ = {
			isa = PBXGroup;
			children = (
				D3CDB0EA2195F6670048F0C7 /* RequestDelegate.h */,
				B7D45DCF21A3C0B6002BCD7A /* InspectionDetailRequest.h */,
				B7D45DCE21A3C0B6002BCD7A /* InspectionDetailRequest.m */,
				D3F0A3832191EA4F00DD4E39 /* SearchCoordinateRequest.h */,
				D3F0A3842191EA4F00DD4E39 /* SearchCoordinateRequest.m */,
				B7A01D7B21A4144200FEE944 /* RestaurantHistoryRequest.h */,
				B7A01D7C21A4144200FEE944 /* RestaurantHistoryRequest.m */,
			);
			path = "PDX Restaurant Inspections API";
			sourceTree = "<group>";
		};
/* End PBXGroup section */

/* Begin PBXNativeTarget section */
		B72B0BA6218E619500A79C59 /* PDXFoodSpy */ = {
			isa = PBXNativeTarget;
			buildConfigurationList = B72B0BBD218E619700A79C59 /* Build configuration list for PBXNativeTarget "PDXFoodSpy" */;
			buildPhases = (
				B72B0BA3218E619500A79C59 /* Sources */,
				B72B0BA4218E619500A79C59 /* Frameworks */,
				B72B0BA5218E619500A79C59 /* Resources */,
			);
			buildRules = (
			);
			dependencies = (
			);
			name = PDXFoodSpy;
			productName = PDXFoodSpy;
			productReference = B72B0BA7218E619600A79C59 /* PDXFoodSpy.app */;
			productType = "com.apple.product-type.application";
		};
/* End PBXNativeTarget section */

/* Begin PBXProject section */
		B72B0B9F218E619500A79C59 /* Project object */ = {
			isa = PBXProject;
			attributes = {
				LastUpgradeCheck = 1010;
				ORGANIZATIONNAME = "James Childress";
				TargetAttributes = {
					B72B0BA6218E619500A79C59 = {
						CreatedOnToolsVersion = 10.1;
					};
				};
			};
			buildConfigurationList = B72B0BA2218E619500A79C59 /* Build configuration list for PBXProject "PDXFoodSpy" */;
			compatibilityVersion = "Xcode 9.3";
			developmentRegion = en;
			hasScannedForEncodings = 0;
			knownRegions = (
				en,
				Base,
			);
			mainGroup = B72B0B9E218E619500A79C59;
			productRefGroup = B72B0BA8218E619600A79C59 /* Products */;
			projectDirPath = "";
			projectRoot = "";
			targets = (
				B72B0BA6218E619500A79C59 /* PDXFoodSpy */,
			);
		};
/* End PBXProject section */

/* Begin PBXResourcesBuildPhase section */
		B72B0BA5218E619500A79C59 /* Resources */ = {
			isa = PBXResourcesBuildPhase;
			buildActionMask = 2147483647;
			files = (
				B72B0BB7218E619700A79C59 /* LaunchScreen.storyboard in Resources */,
				B72B0BB4218E619700A79C59 /* Assets.xcassets in Resources */,
				B72B0BB2218E619600A79C59 /* Main.storyboard in Resources */,
			);
			runOnlyForDeploymentPostprocessing = 0;
		};
/* End PBXResourcesBuildPhase section */

/* Begin PBXSourcesBuildPhase section */
		B72B0BA3218E619500A79C59 /* Sources */ = {
			isa = PBXSourcesBuildPhase;
			buildActionMask = 2147483647;
			files = (
				D38CF70D219394320071D9F5 /* SearchResult.m in Sources */,
				B777E47221A43B0700EF79F3 /* InspectionHistoryTableViewController.m in Sources */,
				B72B0BBA218E619700A79C59 /* main.m in Sources */,
				B7384C0F2198955600A278DD /* SearchResultsTabBarController.m in Sources */,
				B777E47521A43B7B00EF79F3 /* InspectionHistoryTableViewCell.m in Sources */,
				B7D45DD021A3C0B6002BCD7A /* InspectionDetailRequest.m in Sources */,
				B7059206218ED37E000A5535 /* SelectLocationViewController.m in Sources */,
				B7384C15219895E000A278DD /* SearchResultsMapViewController.m in Sources */,
				D3F0A3852191EA4F00DD4E39 /* SearchCoordinateRequest.m in Sources */,
				B78BEC5D218F7A9F005F8EFC /* CurrentLocationUpdater.m in Sources */,
				B7EE5304219086B5001BF3DD /* AddressGeocoder.m in Sources */,
				B7A01D7D21A4144200FEE944 /* RestaurantHistoryRequest.m in Sources */,
				B7384C122198958F00A278DD /* SearchResultsTableViewController.m in Sources */,
				D32152A82190BC740043C5FF /* JSONFetcher.m in Sources */,
				D349155421A3142300662214 /* InspectionViolation.m in Sources */,
				B7D2BF4A21991D140040C529 /* SearchResultTableViewCell.m in Sources */,
				B72B0BAC218E619600A79C59 /* AppDelegate.m in Sources */,
				B70591FD218EBCF9000A5535 /* MainNavigationViewController.m in Sources */,
			);
			runOnlyForDeploymentPostprocessing = 0;
		};
/* End PBXSourcesBuildPhase section */

/* Begin PBXVariantGroup section */
		B72B0BB0218E619600A79C59 /* Main.storyboard */ = {
			isa = PBXVariantGroup;
			children = (
				B72B0BB1218E619600A79C59 /* Base */,
			);
			name = Main.storyboard;
			sourceTree = "<group>";
		};
		B72B0BB5218E619700A79C59 /* LaunchScreen.storyboard */ = {
			isa = PBXVariantGroup;
			children = (
				B72B0BB6218E619700A79C59 /* Base */,
			);
			name = LaunchScreen.storyboard;
			sourceTree = "<group>";
		};
/* End PBXVariantGroup section */

/* Begin XCBuildConfiguration section */
		B72B0BBB218E619700A79C59 /* Debug */ = {
			isa = XCBuildConfiguration;
			buildSettings = {
				ALWAYS_SEARCH_USER_PATHS = NO;
				CLANG_ANALYZER_NONNULL = YES;
				CLANG_ANALYZER_NUMBER_OBJECT_CONVERSION = YES_AGGRESSIVE;
				CLANG_CXX_LANGUAGE_STANDARD = "gnu++14";
				CLANG_CXX_LIBRARY = "libc++";
				CLANG_ENABLE_MODULES = YES;
				CLANG_ENABLE_OBJC_ARC = YES;
				CLANG_ENABLE_OBJC_WEAK = YES;
				CLANG_WARN_BLOCK_CAPTURE_AUTORELEASING = YES;
				CLANG_WARN_BOOL_CONVERSION = YES;
				CLANG_WARN_COMMA = YES;
				CLANG_WARN_CONSTANT_CONVERSION = YES;
				CLANG_WARN_DEPRECATED_OBJC_IMPLEMENTATIONS = YES;
				CLANG_WARN_DIRECT_OBJC_ISA_USAGE = YES_ERROR;
				CLANG_WARN_DOCUMENTATION_COMMENTS = YES;
				CLANG_WARN_EMPTY_BODY = YES;
				CLANG_WARN_ENUM_CONVERSION = YES;
				CLANG_WARN_INFINITE_RECURSION = YES;
				CLANG_WARN_INT_CONVERSION = YES;
				CLANG_WARN_NON_LITERAL_NULL_CONVERSION = YES;
				CLANG_WARN_OBJC_IMPLICIT_RETAIN_SELF = YES;
				CLANG_WARN_OBJC_LITERAL_CONVERSION = YES;
				CLANG_WARN_OBJC_ROOT_CLASS = YES_ERROR;
				CLANG_WARN_RANGE_LOOP_ANALYSIS = YES;
				CLANG_WARN_STRICT_PROTOTYPES = YES;
				CLANG_WARN_SUSPICIOUS_MOVE = YES;
				CLANG_WARN_UNGUARDED_AVAILABILITY = YES_AGGRESSIVE;
				CLANG_WARN_UNREACHABLE_CODE = YES;
				CLANG_WARN__DUPLICATE_METHOD_MATCH = YES;
				CODE_SIGN_IDENTITY = "iPhone Developer";
				COPY_PHASE_STRIP = NO;
				DEBUG_INFORMATION_FORMAT = dwarf;
				ENABLE_STRICT_OBJC_MSGSEND = YES;
				ENABLE_TESTABILITY = YES;
				GCC_C_LANGUAGE_STANDARD = gnu11;
				GCC_DYNAMIC_NO_PIC = NO;
				GCC_NO_COMMON_BLOCKS = YES;
				GCC_OPTIMIZATION_LEVEL = 0;
				GCC_PREPROCESSOR_DEFINITIONS = (
					"DEBUG=1",
					"$(inherited)",
				);
				GCC_WARN_64_TO_32_BIT_CONVERSION = YES;
				GCC_WARN_ABOUT_RETURN_TYPE = YES_ERROR;
				GCC_WARN_UNDECLARED_SELECTOR = YES;
				GCC_WARN_UNINITIALIZED_AUTOS = YES_AGGRESSIVE;
				GCC_WARN_UNUSED_FUNCTION = YES;
				GCC_WARN_UNUSED_VARIABLE = YES;
				IPHONEOS_DEPLOYMENT_TARGET = 12.1;
				MTL_ENABLE_DEBUG_INFO = INCLUDE_SOURCE;
				MTL_FAST_MATH = YES;
				ONLY_ACTIVE_ARCH = YES;
				SDKROOT = iphoneos;
			};
			name = Debug;
		};
		B72B0BBC218E619700A79C59 /* Release */ = {
			isa = XCBuildConfiguration;
			buildSettings = {
				ALWAYS_SEARCH_USER_PATHS = NO;
				CLANG_ANALYZER_NONNULL = YES;
				CLANG_ANALYZER_NUMBER_OBJECT_CONVERSION = YES_AGGRESSIVE;
				CLANG_CXX_LANGUAGE_STANDARD = "gnu++14";
				CLANG_CXX_LIBRARY = "libc++";
				CLANG_ENABLE_MODULES = YES;
				CLANG_ENABLE_OBJC_ARC = YES;
				CLANG_ENABLE_OBJC_WEAK = YES;
				CLANG_WARN_BLOCK_CAPTURE_AUTORELEASING = YES;
				CLANG_WARN_BOOL_CONVERSION = YES;
				CLANG_WARN_COMMA = YES;
				CLANG_WARN_CONSTANT_CONVERSION = YES;
				CLANG_WARN_DEPRECATED_OBJC_IMPLEMENTATIONS = YES;
				CLANG_WARN_DIRECT_OBJC_ISA_USAGE = YES_ERROR;
				CLANG_WARN_DOCUMENTATION_COMMENTS = YES;
				CLANG_WARN_EMPTY_BODY = YES;
				CLANG_WARN_ENUM_CONVERSION = YES;
				CLANG_WARN_INFINITE_RECURSION = YES;
				CLANG_WARN_INT_CONVERSION = YES;
				CLANG_WARN_NON_LITERAL_NULL_CONVERSION = YES;
				CLANG_WARN_OBJC_IMPLICIT_RETAIN_SELF = YES;
				CLANG_WARN_OBJC_LITERAL_CONVERSION = YES;
				CLANG_WARN_OBJC_ROOT_CLASS = YES_ERROR;
				CLANG_WARN_RANGE_LOOP_ANALYSIS = YES;
				CLANG_WARN_STRICT_PROTOTYPES = YES;
				CLANG_WARN_SUSPICIOUS_MOVE = YES;
				CLANG_WARN_UNGUARDED_AVAILABILITY = YES_AGGRESSIVE;
				CLANG_WARN_UNREACHABLE_CODE = YES;
				CLANG_WARN__DUPLICATE_METHOD_MATCH = YES;
				CODE_SIGN_IDENTITY = "iPhone Developer";
				COPY_PHASE_STRIP = NO;
				DEBUG_INFORMATION_FORMAT = "dwarf-with-dsym";
				ENABLE_NS_ASSERTIONS = NO;
				ENABLE_STRICT_OBJC_MSGSEND = YES;
				GCC_C_LANGUAGE_STANDARD = gnu11;
				GCC_NO_COMMON_BLOCKS = YES;
				GCC_WARN_64_TO_32_BIT_CONVERSION = YES;
				GCC_WARN_ABOUT_RETURN_TYPE = YES_ERROR;
				GCC_WARN_UNDECLARED_SELECTOR = YES;
				GCC_WARN_UNINITIALIZED_AUTOS = YES_AGGRESSIVE;
				GCC_WARN_UNUSED_FUNCTION = YES;
				GCC_WARN_UNUSED_VARIABLE = YES;
				IPHONEOS_DEPLOYMENT_TARGET = 12.1;
				MTL_ENABLE_DEBUG_INFO = NO;
				MTL_FAST_MATH = YES;
				SDKROOT = iphoneos;
				VALIDATE_PRODUCT = YES;
			};
			name = Release;
		};
		B72B0BBE218E619700A79C59 /* Debug */ = {
			isa = XCBuildConfiguration;
			buildSettings = {
				ASSETCATALOG_COMPILER_APPICON_NAME = AppIcon;
				CODE_SIGN_STYLE = Automatic;
				INFOPLIST_FILE = PDXFoodSpy/Info.plist;
				LD_RUNPATH_SEARCH_PATHS = (
					"$(inherited)",
					"@executable_path/Frameworks",
				);
				PRODUCT_BUNDLE_IDENTIFIER = toadslick.PDXFoodSpy;
				PRODUCT_NAME = "$(TARGET_NAME)";
				TARGETED_DEVICE_FAMILY = "1,2";
			};
			name = Debug;
		};
		B72B0BBF218E619700A79C59 /* Release */ = {
			isa = XCBuildConfiguration;
			buildSettings = {
				ASSETCATALOG_COMPILER_APPICON_NAME = AppIcon;
				CODE_SIGN_STYLE = Automatic;
				INFOPLIST_FILE = PDXFoodSpy/Info.plist;
				LD_RUNPATH_SEARCH_PATHS = (
					"$(inherited)",
					"@executable_path/Frameworks",
				);
				PRODUCT_BUNDLE_IDENTIFIER = toadslick.PDXFoodSpy;
				PRODUCT_NAME = "$(TARGET_NAME)";
				TARGETED_DEVICE_FAMILY = "1,2";
			};
			name = Release;
		};
/* End XCBuildConfiguration section */

/* Begin XCConfigurationList section */
		B72B0BA2218E619500A79C59 /* Build configuration list for PBXProject "PDXFoodSpy" */ = {
			isa = XCConfigurationList;
			buildConfigurations = (
				B72B0BBB218E619700A79C59 /* Debug */,
				B72B0BBC218E619700A79C59 /* Release */,
			);
			defaultConfigurationIsVisible = 0;
			defaultConfigurationName = Release;
		};
		B72B0BBD218E619700A79C59 /* Build configuration list for PBXNativeTarget "PDXFoodSpy" */ = {
			isa = XCConfigurationList;
			buildConfigurations = (
				B72B0BBE218E619700A79C59 /* Debug */,
				B72B0BBF218E619700A79C59 /* Release */,
			);
			defaultConfigurationIsVisible = 0;
			defaultConfigurationName = Release;
		};
/* End XCConfigurationList section */
	};
	rootObject = B72B0B9F218E619500A79C59 /* Project object */;
}
